
Microsoft Visual Studio Solution File, Format Version 12.00
# Visual Studio Version 17
VisualStudioVersion = 17.4.33213.308
MinimumVisualStudioVersion = 10.0.40219.1
Project("{FAE04EC0-301F-11D3-BF4B-00C04F79EFBC}") = "GenericAnimalClass", "GenericAnimalClass.csproj", "{0EBD08DC-5074-4B9B-B564-A9D0D8079CF7}"
EndProject
Global
	GlobalSection(SolutionConfigurationPlatforms) = preSolution
		Debug|Any CPU = Debug|Any CPU
		Release|Any CPU = Release|Any CPU
	EndGlobalSection
	GlobalSection(ProjectConfigurationPlatforms) = postSolution
		{0EBD08DC-5074-4B9B-B564-A9D0D8079CF7}.Debug|Any CPU.ActiveCfg = Debug|Any CPU
		{0EBD08DC-5074-4B9B-B564-A9D0D8079CF7}.Debug|Any CPU.Build.0 = Debug|Any CPU
		{0EBD08DC-5074-4B9B-B564-A9D0D8079CF7}.Release|Any CPU.ActiveCfg = Release|Any CPU
		{0EBD08DC-5074-4B9B-B564-A9D0D8079CF7}.Release|Any CPU.Build.0 = Release|Any CPU
	EndGlobalSection
	GlobalSection(SolutionProperties) = preSolution
		HideSolutionNode = FALSE
	EndGlobalSection
	GlobalSection(ExtensibilityGlobals) = postSolution
		SolutionGuid = {4B23D9C1-9E24-4D19-8C0D-59928AB44210}
	EndGlobalSection
EndGlobal
